
Microsoft Visual Studio Solution File, Format Version 12.00
# Visual Studio Version 17
VisualStudioVersion = 17.12.35527.113
MinimumVisualStudioVersion = 10.0.40219.1
Project("{2150E333-8FDC-42A3-9474-1A3956D46DE8}") = "src", "src", "{06FB2611-B42D-47F8-9415-C47D44957A4B}"
	ProjectSection(SolutionItems) = preProject
		src\docker-compose.override.yml = src\docker-compose.override.yml
		src\docker-compose.yml = src\docker-compose.yml
	EndProjectSection
EndProject
Project("{2150E333-8FDC-42A3-9474-1A3956D46DE8}") = "intergrations", "intergrations", "{198FBE94-4E45-460C-8C04-017AEFFC2C78}"
	ProjectSection(SolutionItems) = preProject
		src\docker-compose.override.yml = src\docker-compose.override.yml
		src\docker-compose.yml = src\docker-compose.yml
	EndProjectSection
EndProject
Project("{2150E333-8FDC-42A3-9474-1A3956D46DE8}") = "BuildingBlock", "BuildingBlock", "{6E489567-3332-4062-A147-88A2A9DD7035}"
EndProject
Project("{FAE04EC0-301F-11D3-BF4B-00C04F79EFBC}") = "Shared", "src\BuildingBlock\Shared\Shared.csproj", "{467F35E2-9E89-469E-BD1E-ED95F650ED90}"
EndProject
Project("{FAE04EC0-301F-11D3-BF4B-00C04F79EFBC}") = "Common.Logging", "src\BuildingBlock\Common.Logging\Common.Logging.csproj", "{F46E9BD1-ED91-4788-A990-E06CD1852646}"
EndProject
Project("{2150E333-8FDC-42A3-9474-1A3956D46DE8}") = "Services", "Services", "{BFC7E4D4-B1C0-4AB7-89C0-3E2106BC90EC}"
EndProject
Project("{2150E333-8FDC-42A3-9474-1A3956D46DE8}") = "Core", "Core", "{C2884790-EE37-448D-866A-316095794947}"
EndProject
Project("{FAE04EC0-301F-11D3-BF4B-00C04F79EFBC}") = "ClothesShop.API", "src\Services\Core\ClothesShop.API\ClothesShop.API.csproj", "{6D7B093F-C085-4F5F-8730-01E48A147C55}"
EndProject
Project("{FAE04EC0-301F-11D3-BF4B-00C04F79EFBC}") = "ClothesShop.Application", "src\Services\Core\ClothesShop.Application\ClothesShop.Application.csproj", "{55EEA895-F24A-49A6-8422-8CBF90012801}"
EndProject
Project("{FAE04EC0-301F-11D3-BF4B-00C04F79EFBC}") = "ClothesShop.Domain", "src\Services\Core\ClothesShop.Domain\ClothesShop.Domain.csproj", "{D11638E5-4153-424B-B215-EA969877BE15}"
EndProject
Project("{FAE04EC0-301F-11D3-BF4B-00C04F79EFBC}") = "ClothesShop.Infrastructure", "src\Services\Core\ClothesShop.Infrastructure\ClothesShop.Infrastructure.csproj", "{85971903-66BE-46F9-9E44-9E54496A84AA}"
EndProject
Project("{FAE04EC0-301F-11D3-BF4B-00C04F79EFBC}") = "Basket.API", "Basket.API\Basket.API.csproj", "{E869A2B0-9337-4BA3-A15B-A1CCF6B83F5C}"
EndProject
Project("{FAE04EC0-301F-11D3-BF4B-00C04F79EFBC}") = "Payment.API", "Payment.API\Payment.API.csproj", "{B24A676E-30D4-45CB-AD7D-7C242DE0253C}"
EndProject
Global
	GlobalSection(SolutionConfigurationPlatforms) = preSolution
		Debug|Any CPU = Debug|Any CPU
		Release|Any CPU = Release|Any CPU
	EndGlobalSection
	GlobalSection(ProjectConfigurationPlatforms) = postSolution
		{467F35E2-9E89-469E-BD1E-ED95F650ED90}.Debug|Any CPU.ActiveCfg = Debug|Any CPU
		{467F35E2-9E89-469E-BD1E-ED95F650ED90}.Debug|Any CPU.Build.0 = Debug|Any CPU
		{467F35E2-9E89-469E-BD1E-ED95F650ED90}.Release|Any CPU.ActiveCfg = Release|Any CPU
		{467F35E2-9E89-469E-BD1E-ED95F650ED90}.Release|Any CPU.Build.0 = Release|Any CPU
		{F46E9BD1-ED91-4788-A990-E06CD1852646}.Debug|Any CPU.ActiveCfg = Debug|Any CPU
		{F46E9BD1-ED91-4788-A990-E06CD1852646}.Debug|Any CPU.Build.0 = Debug|Any CPU
		{F46E9BD1-ED91-4788-A990-E06CD1852646}.Release|Any CPU.ActiveCfg = Release|Any CPU
		{F46E9BD1-ED91-4788-A990-E06CD1852646}.Release|Any CPU.Build.0 = Release|Any CPU
		{6D7B093F-C085-4F5F-8730-01E48A147C55}.Debug|Any CPU.ActiveCfg = Debug|Any CPU
		{6D7B093F-C085-4F5F-8730-01E48A147C55}.Debug|Any CPU.Build.0 = Debug|Any CPU
		{6D7B093F-C085-4F5F-8730-01E48A147C55}.Release|Any CPU.ActiveCfg = Release|Any CPU
		{6D7B093F-C085-4F5F-8730-01E48A147C55}.Release|Any CPU.Build.0 = Release|Any CPU
		{55EEA895-F24A-49A6-8422-8CBF90012801}.Debug|Any CPU.ActiveCfg = Debug|Any CPU
		{55EEA895-F24A-49A6-8422-8CBF90012801}.Debug|Any CPU.Build.0 = Debug|Any CPU
		{55EEA895-F24A-49A6-8422-8CBF90012801}.Release|Any CPU.ActiveCfg = Release|Any CPU
		{55EEA895-F24A-49A6-8422-8CBF90012801}.Release|Any CPU.Build.0 = Release|Any CPU
		{D11638E5-4153-424B-B215-EA969877BE15}.Debug|Any CPU.ActiveCfg = Debug|Any CPU
		{D11638E5-4153-424B-B215-EA969877BE15}.Debug|Any CPU.Build.0 = Debug|Any CPU
		{D11638E5-4153-424B-B215-EA969877BE15}.Release|Any CPU.ActiveCfg = Release|Any CPU
		{D11638E5-4153-424B-B215-EA969877BE15}.Release|Any CPU.Build.0 = Release|Any CPU
		{85971903-66BE-46F9-9E44-9E54496A84AA}.Debug|Any CPU.ActiveCfg = Debug|Any CPU
		{85971903-66BE-46F9-9E44-9E54496A84AA}.Debug|Any CPU.Build.0 = Debug|Any CPU
		{85971903-66BE-46F9-9E44-9E54496A84AA}.Release|Any CPU.ActiveCfg = Release|Any CPU
		{85971903-66BE-46F9-9E44-9E54496A84AA}.Release|Any CPU.Build.0 = Release|Any CPU
		{E869A2B0-9337-4BA3-A15B-A1CCF6B83F5C}.Debug|Any CPU.ActiveCfg = Debug|Any CPU
		{E869A2B0-9337-4BA3-A15B-A1CCF6B83F5C}.Debug|Any CPU.Build.0 = Debug|Any CPU
		{E869A2B0-9337-4BA3-A15B-A1CCF6B83F5C}.Release|Any CPU.ActiveCfg = Release|Any CPU
		{E869A2B0-9337-4BA3-A15B-A1CCF6B83F5C}.Release|Any CPU.Build.0 = Release|Any CPU
		{B24A676E-30D4-45CB-AD7D-7C242DE0253C}.Debug|Any CPU.ActiveCfg = Debug|Any CPU
		{B24A676E-30D4-45CB-AD7D-7C242DE0253C}.Debug|Any CPU.Build.0 = Debug|Any CPU
		{B24A676E-30D4-45CB-AD7D-7C242DE0253C}.Release|Any CPU.ActiveCfg = Release|Any CPU
		{B24A676E-30D4-45CB-AD7D-7C242DE0253C}.Release|Any CPU.Build.0 = Release|Any CPU
	EndGlobalSection
	GlobalSection(SolutionProperties) = preSolution
		HideSolutionNode = FALSE
	EndGlobalSection
	GlobalSection(NestedProjects) = preSolution
		{6E489567-3332-4062-A147-88A2A9DD7035} = {06FB2611-B42D-47F8-9415-C47D44957A4B}
		{467F35E2-9E89-469E-BD1E-ED95F650ED90} = {6E489567-3332-4062-A147-88A2A9DD7035}
		{F46E9BD1-ED91-4788-A990-E06CD1852646} = {6E489567-3332-4062-A147-88A2A9DD7035}
		{BFC7E4D4-B1C0-4AB7-89C0-3E2106BC90EC} = {06FB2611-B42D-47F8-9415-C47D44957A4B}
		{C2884790-EE37-448D-866A-316095794947} = {BFC7E4D4-B1C0-4AB7-89C0-3E2106BC90EC}
		{6D7B093F-C085-4F5F-8730-01E48A147C55} = {C2884790-EE37-448D-866A-316095794947}
		{55EEA895-F24A-49A6-8422-8CBF90012801} = {C2884790-EE37-448D-866A-316095794947}
		{D11638E5-4153-424B-B215-EA969877BE15} = {C2884790-EE37-448D-866A-316095794947}
		{85971903-66BE-46F9-9E44-9E54496A84AA} = {C2884790-EE37-448D-866A-316095794947}
		{E869A2B0-9337-4BA3-A15B-A1CCF6B83F5C} = {BFC7E4D4-B1C0-4AB7-89C0-3E2106BC90EC}
		{B24A676E-30D4-45CB-AD7D-7C242DE0253C} = {BFC7E4D4-B1C0-4AB7-89C0-3E2106BC90EC}
	EndGlobalSection
EndGlobal
