
Microsoft Visual Studio Solution File, Format Version 12.00
# Visual Studio Version 17
VisualStudioVersion = 17.12.35527.113
MinimumVisualStudioVersion = 10.0.40219.1
Project("{2150E333-8FDC-42A3-9474-1A3956D46DE8}") = "src", "src", "{06FB2611-B42D-47F8-9415-C47D44957A4B}"
EndProject
Project("{FAE04EC0-301F-11D3-BF4B-00C04F79EFBC}") = "ClothesShop.API", "src\ClothesShop.API\ClothesShop.API.csproj", "{5CAC43A7-AD46-401C-AE56-232EAE9D5C9E}"
EndProject
Project("{FAE04EC0-301F-11D3-BF4B-00C04F79EFBC}") = "GrpcProject", "src\GrpcProject\GrpcProject.csproj", "{B631D407-03F5-4E75-8958-A28630D6490E}"
EndProject
Project("{2150E333-8FDC-42A3-9474-1A3956D46DE8}") = "intergrations", "intergrations", "{198FBE94-4E45-460C-8C04-017AEFFC2C78}"
	ProjectSection(SolutionItems) = preProject
		src\docker-compose.override.yml = src\docker-compose.override.yml
		src\docker-compose.yml = src\docker-compose.yml
	EndProjectSection
EndProject
Project("{FAE04EC0-301F-11D3-BF4B-00C04F79EFBC}") = "ClothesShop.Infrastructure", "src\ClothesShop.Infrastructure\ClothesShop.Infrastructure.csproj", "{DF62BC3C-AC19-4CD4-A6B9-60F2C6814E89}"
EndProject
Project("{FAE04EC0-301F-11D3-BF4B-00C04F79EFBC}") = "ClothesShop.Domain", "src\ClothesShop.Domain\ClothesShop.Domain.csproj", "{09CE62FA-EC21-44EA-A461-3FF6B448D88C}"
EndProject
Project("{FAE04EC0-301F-11D3-BF4B-00C04F79EFBC}") = "ClothesShop.Application", "src\ClothesShop.Application\ClothesShop.Application.csproj", "{A998AD4A-AFDF-4563-872A-C704CDB8685C}"
EndProject
Project("{2150E333-8FDC-42A3-9474-1A3956D46DE8}") = "BuildingBlock", "BuildingBlock", "{6E489567-3332-4062-A147-88A2A9DD7035}"
EndProject
Project("{FAE04EC0-301F-11D3-BF4B-00C04F79EFBC}") = "Shared", "src\BuildingBlock\Shared\Shared.csproj", "{467F35E2-9E89-469E-BD1E-ED95F650ED90}"
EndProject
Project("{FAE04EC0-301F-11D3-BF4B-00C04F79EFBC}") = "Common.Logging", "src\BuildingBlock\Common.Logging\Common.Logging.csproj", "{F46E9BD1-ED91-4788-A990-E06CD1852646}"
EndProject
Project("{2150E333-8FDC-42A3-9474-1A3956D46DE8}") = "Core", "Core", "{D1B8B1CA-827F-406B-8321-34937773FBFA}"
EndProject
Project("{2150E333-8FDC-42A3-9474-1A3956D46DE8}") = "Basket", "Basket", "{234C1F7D-5DA1-49E4-98E7-5AE29C5CBFA6}"
EndProject
Project("{2150E333-8FDC-42A3-9474-1A3956D46DE8}") = "Order", "Order", "{66BECF14-46ED-481D-B9A5-E65F7E9CD07D}"
EndProject
Global
	GlobalSection(SolutionConfigurationPlatforms) = preSolution
		Debug|Any CPU = Debug|Any CPU
		Release|Any CPU = Release|Any CPU
	EndGlobalSection
	GlobalSection(ProjectConfigurationPlatforms) = postSolution
		{5CAC43A7-AD46-401C-AE56-232EAE9D5C9E}.Debug|Any CPU.ActiveCfg = Debug|Any CPU
		{5CAC43A7-AD46-401C-AE56-232EAE9D5C9E}.Debug|Any CPU.Build.0 = Debug|Any CPU
		{5CAC43A7-AD46-401C-AE56-232EAE9D5C9E}.Release|Any CPU.ActiveCfg = Release|Any CPU
		{5CAC43A7-AD46-401C-AE56-232EAE9D5C9E}.Release|Any CPU.Build.0 = Release|Any CPU
		{B631D407-03F5-4E75-8958-A28630D6490E}.Debug|Any CPU.ActiveCfg = Debug|Any CPU
		{B631D407-03F5-4E75-8958-A28630D6490E}.Debug|Any CPU.Build.0 = Debug|Any CPU
		{B631D407-03F5-4E75-8958-A28630D6490E}.Release|Any CPU.ActiveCfg = Release|Any CPU
		{B631D407-03F5-4E75-8958-A28630D6490E}.Release|Any CPU.Build.0 = Release|Any CPU
		{DF62BC3C-AC19-4CD4-A6B9-60F2C6814E89}.Debug|Any CPU.ActiveCfg = Debug|Any CPU
		{DF62BC3C-AC19-4CD4-A6B9-60F2C6814E89}.Debug|Any CPU.Build.0 = Debug|Any CPU
		{DF62BC3C-AC19-4CD4-A6B9-60F2C6814E89}.Release|Any CPU.ActiveCfg = Release|Any CPU
		{DF62BC3C-AC19-4CD4-A6B9-60F2C6814E89}.Release|Any CPU.Build.0 = Release|Any CPU
		{09CE62FA-EC21-44EA-A461-3FF6B448D88C}.Debug|Any CPU.ActiveCfg = Debug|Any CPU
		{09CE62FA-EC21-44EA-A461-3FF6B448D88C}.Debug|Any CPU.Build.0 = Debug|Any CPU
		{09CE62FA-EC21-44EA-A461-3FF6B448D88C}.Release|Any CPU.ActiveCfg = Release|Any CPU
		{09CE62FA-EC21-44EA-A461-3FF6B448D88C}.Release|Any CPU.Build.0 = Release|Any CPU
		{A998AD4A-AFDF-4563-872A-C704CDB8685C}.Debug|Any CPU.ActiveCfg = Debug|Any CPU
		{A998AD4A-AFDF-4563-872A-C704CDB8685C}.Debug|Any CPU.Build.0 = Debug|Any CPU
		{A998AD4A-AFDF-4563-872A-C704CDB8685C}.Release|Any CPU.ActiveCfg = Release|Any CPU
		{A998AD4A-AFDF-4563-872A-C704CDB8685C}.Release|Any CPU.Build.0 = Release|Any CPU
		{467F35E2-9E89-469E-BD1E-ED95F650ED90}.Debug|Any CPU.ActiveCfg = Debug|Any CPU
		{467F35E2-9E89-469E-BD1E-ED95F650ED90}.Debug|Any CPU.Build.0 = Debug|Any CPU
		{467F35E2-9E89-469E-BD1E-ED95F650ED90}.Release|Any CPU.ActiveCfg = Release|Any CPU
		{467F35E2-9E89-469E-BD1E-ED95F650ED90}.Release|Any CPU.Build.0 = Release|Any CPU
		{F46E9BD1-ED91-4788-A990-E06CD1852646}.Debug|Any CPU.ActiveCfg = Debug|Any CPU
		{F46E9BD1-ED91-4788-A990-E06CD1852646}.Debug|Any CPU.Build.0 = Debug|Any CPU
		{F46E9BD1-ED91-4788-A990-E06CD1852646}.Release|Any CPU.ActiveCfg = Release|Any CPU
		{F46E9BD1-ED91-4788-A990-E06CD1852646}.Release|Any CPU.Build.0 = Release|Any CPU
	EndGlobalSection
	GlobalSection(SolutionProperties) = preSolution
		HideSolutionNode = FALSE
	EndGlobalSection
	GlobalSection(NestedProjects) = preSolution
		{5CAC43A7-AD46-401C-AE56-232EAE9D5C9E} = {06FB2611-B42D-47F8-9415-C47D44957A4B}
		{B631D407-03F5-4E75-8958-A28630D6490E} = {06FB2611-B42D-47F8-9415-C47D44957A4B}
		{DF62BC3C-AC19-4CD4-A6B9-60F2C6814E89} = {06FB2611-B42D-47F8-9415-C47D44957A4B}
		{09CE62FA-EC21-44EA-A461-3FF6B448D88C} = {06FB2611-B42D-47F8-9415-C47D44957A4B}
		{A998AD4A-AFDF-4563-872A-C704CDB8685C} = {06FB2611-B42D-47F8-9415-C47D44957A4B}
		{6E489567-3332-4062-A147-88A2A9DD7035} = {06FB2611-B42D-47F8-9415-C47D44957A4B}
		{467F35E2-9E89-469E-BD1E-ED95F650ED90} = {6E489567-3332-4062-A147-88A2A9DD7035}
		{F46E9BD1-ED91-4788-A990-E06CD1852646} = {6E489567-3332-4062-A147-88A2A9DD7035}
		{D1B8B1CA-827F-406B-8321-34937773FBFA} = {06FB2611-B42D-47F8-9415-C47D44957A4B}
		{234C1F7D-5DA1-49E4-98E7-5AE29C5CBFA6} = {06FB2611-B42D-47F8-9415-C47D44957A4B}
		{66BECF14-46ED-481D-B9A5-E65F7E9CD07D} = {06FB2611-B42D-47F8-9415-C47D44957A4B}
	EndGlobalSection
EndGlobal
